
Microsoft Visual Studio Solution File, Format Version 12.00
# Visual Studio Version 17
VisualStudioVersion = 17.13.35818.85 d17.13
MinimumVisualStudioVersion = 10.0.40219.1
Project("{FAE04EC0-301F-11D3-BF4B-00C04F79EFBC}") = "Demo", "Demo\Demo.csproj", "{96467573-F4E2-4E43-835A-EBAF79914566}"
EndProject
Project("{FAE04EC0-301F-11D3-BF4B-00C04F79EFBC}") = "Assignment", "Assignment\Assignment.csproj", "{1D5D9A63-F133-4978-A924-74E2191E1FE3}"
EndProject
Global
	GlobalSection(SolutionConfigurationPlatforms) = preSolution
		Debug|Any CPU = Debug|Any CPU
		Release|Any CPU = Release|Any CPU
	EndGlobalSection
	GlobalSection(ProjectConfigurationPlatforms) = postSolution
		{96467573-F4E2-4E43-835A-EBAF79914566}.Debug|Any CPU.ActiveCfg = Debug|Any CPU
		{96467573-F4E2-4E43-835A-EBAF79914566}.Debug|Any CPU.Build.0 = Debug|Any CPU
		{96467573-F4E2-4E43-835A-EBAF79914566}.Release|Any CPU.ActiveCfg = Release|Any CPU
		{96467573-F4E2-4E43-835A-EBAF79914566}.Release|Any CPU.Build.0 = Release|Any CPU
		{1D5D9A63-F133-4978-A924-74E2191E1FE3}.Debug|Any CPU.ActiveCfg = Debug|Any CPU
		{1D5D9A63-F133-4978-A924-74E2191E1FE3}.Debug|Any CPU.Build.0 = Debug|Any CPU
		{1D5D9A63-F133-4978-A924-74E2191E1FE3}.Release|Any CPU.ActiveCfg = Release|Any CPU
		{1D5D9A63-F133-4978-A924-74E2191E1FE3}.Release|Any CPU.Build.0 = Release|Any CPU
	EndGlobalSection
	GlobalSection(SolutionProperties) = preSolution
		HideSolutionNode = FALSE
	EndGlobalSection
	GlobalSection(ExtensibilityGlobals) = postSolution
		SolutionGuid = {587872E1-6235-4282-BC5D-D93DD221E735}
	EndGlobalSection
EndGlobal
